schema: '2.0'
stages:
  train:
    cmd: python src/train.py
    deps:
    - path: data/hymenoptera_data/train
      md5: 3cbe2cabaea715756ad7fe9da5109588.dir
      size: 27229047
      nfiles: 245
    - path: src/train.py
      md5: c20c6f93e6f8872f9e3d4a60c11be0d6
      size: 3654
    params:
      params.yaml:
        base:
          random_seed: 42
        train:
          device: cuda
          num_epochs: 20
          batch_size: 8
          learning_rate: 0.001
    outs:
    - path: metrics.json
      md5: 8223670be3b1132b0201d0f90bc3c0f3
      size: 175
    - path: model/model.pkl
      md5: ac2a8b19929a3a2f18d2bd12f2c339b9
      size: 44796604
  evaluate:
    cmd: python src/evaluate.py
    deps:
    - path: data/hymenoptera_data/val
      md5: 04bf79378292fdf4f36e721eb0134199.dir
      size: 20156877
      nfiles: 153
    - path: model/model.pkl
      md5: ac2a8b19929a3a2f18d2bd12f2c339b9
      size: 44796604
    - path: src/evaluate.py
      md5: bd11c48597c5f06e341ab764357bf3c6
      size: 3630
    params:
      params.yaml:
        base:
          random_seed: 42
        evaluate:
          device: cuda
          batch_size: 8
    outs:
    - path: metrics_eval.json
      md5: 2b0147b8d847ca760e351b9a1f2388f1
      size: 130
