prepare:
  cmd: python src/prepare.py
  deps:
  - path: data/raw
    md5: a8a5252d9b14ab2c1be283822a86981a.dir
  - path: src/prepare.py
    md5: ef804f358e00edcfe52c865b471f8f55
  outs:
  - path: data/prepared/test.csv
    md5: 7e7e08df737d8f0ee82cbf496dea27e4
  - path: data/prepared/train.csv
    md5: 550065fa28bfea14644361a205dcbe69
train:
  cmd: python src/train.py
  deps:
  - path: data/prepared/train.csv
    md5: 550065fa28bfea14644361a205dcbe69
  - path: src/train.py
    md5: 7581a51070f1935c805174dc514b3dfb
  outs:
  - path: model/model.joblib
    md5: b450a731a54eb2da4fb57585c7075f12
evaluate:
  cmd: python src/evaluate.py
  deps:
  - path: model/model.joblib
    md5: b450a731a54eb2da4fb57585c7075f12
  - path: src/evaluate.py
    md5: b197277667d6269271fff4ae4af8a941
  outs:
  - path: metrics/accuracy.json
    md5: 34a1a3d5fa980ee630725927b7c5c6f4
