schema: '2.0'
stages:
  prepare:
    cmd: python src/prepare.py
    deps:
    - path: data/raw
      md5: 392859941730af73895d057ac48ad939.dir
      size: 106557364
      nfiles: 13398
    - path: src/prepare.py
      md5: ef804f358e00edcfe52c865b471f8f55
      size: 1231
    outs:
    - path: data/prepared/test.csv
      md5: f01747d70fa6d39472769934d3e37ad3
      size: 79381
    - path: data/prepared/train.csv
      md5: 6651c89440452fa40199e428156de36f
      size: 197170
  train:
    cmd: python src/train.py
    deps:
    - path: data/prepared/train.csv
      md5: 6651c89440452fa40199e428156de36f
      size: 197170
    - path: src/train.py
      md5: 07b84b8c1b18f68b3ccc18a3d6034221
      size: 1464
    outs:
    - path: model/model.joblib
      md5: eb589edb6d9ce5f62c829d90a5eaedc6
      size: 1661141
